{
  "version": 4,
  "terraform_version": "0.14.4",
  "serial": 260,
  "lineage": "2e7a39cd-edc1-83cc-f379-7cf3759e7e5d",
  "outputs": {
    "domain_is_aws_registered": {
      "value": true,
      "type": "bool"
    },
    "organization": {
      "value": "family-seams",
      "type": "string"
    },
    "top_level_domain": {
      "value": {
        "domain": "family-seams.com",
        "hosted_zone_id": "/hostedzone/Z05417581JU66LNDPVSCX"
      },
      "type": [
        "object",
        {
          "domain": "string",
          "hosted_zone_id": "string"
        }
      ]
    }
  },
  "resources": [
    {
      "mode": "data",
      "type": "external",
      "name": "registered_domain",
      "provider": "provider[\"registry.terraform.io/hashicorp/external\"]",
      "instances": [
        {
          "schema_version": 0,
          "attributes": {
            "id": "-",
            "program": [
              "docker",
              "run",
              "-v",
              "C:\\Users\\euplo\\.aws:/root/.aws",
              "-e",
              "AWS_PROFILE",
              "-e",
              "AWS_DEFAULT_REGION",
              "--rm",
              "-i",
              "aws-scripts",
              "register-domain.bash"
            ],
            "query": {
              "registration": "{\"AdminContact\":{\"AddressLine1\":\"1520 NE 77th Ave\",\"City\":\"Portland\",\"ContactType\":\"COMPANY\",\"CountryCode\":\"US\",\"Email\":\"family.seams@google.com\",\"FirstName\":\"Adam\",\"LastName\":\"Kaplan\",\"OrganizationName\":\"Family Seams\",\"PhoneNumber\":\"+1.7028135472\",\"State\":\"OR\",\"ZipCode\":\"97213\"},\"AutoRenew\":true,\"DomainName\":\"family-seams.com\",\"DurationInYears\":1,\"PrivacyProtectAdminContact\":true,\"PrivacyProtectRegistrantContact\":true,\"PrivacyProtectTechContact\":true,\"RegistrantContact\":{\"AddressLine1\":\"1520 NE 77th Ave\",\"City\":\"Portland\",\"ContactType\":\"COMPANY\",\"CountryCode\":\"US\",\"Email\":\"family.seams@google.com\",\"FirstName\":\"Adam\",\"LastName\":\"Kaplan\",\"OrganizationName\":\"Family Seams\",\"PhoneNumber\":\"+1.7028135472\",\"State\":\"OR\",\"ZipCode\":\"97213\"},\"TechContact\":{\"AddressLine1\":\"1520 NE 77th Ave\",\"City\":\"Portland\",\"ContactType\":\"COMPANY\",\"CountryCode\":\"US\",\"Email\":\"family.seams@google.com\",\"FirstName\":\"Adam\",\"LastName\":\"Kaplan\",\"OrganizationName\":\"Family Seams\",\"PhoneNumber\":\"+1.7028135472\",\"State\":\"OR\",\"ZipCode\":\"97213\"}}",
              "registration_timeout": "1800"
            },
            "result": {
              "hosted_zone": "/hostedzone/Z05417581JU66LNDPVSCX",
              "out": "Domain [family-seams.com] Already Registered",
              "ready": "true"
            },
            "working_dir": null
          },
          "sensitive_attributes": []
        }
      ]
    },
    {
      "mode": "managed",
      "type": "aws_s3_bucket",
      "name": "terraform_bucket",
      "provider": "provider[\"registry.terraform.io/hashicorp/aws\"]",
      "instances": [
        {
          "schema_version": 0,
          "attributes": {
            "acceleration_status": "",
            "acl": "private",
            "arn": "arn:aws:s3:::family-seams-terraform-bucket",
            "bucket": "family-seams-terraform-bucket",
            "bucket_domain_name": "family-seams-terraform-bucket.s3.amazonaws.com",
            "bucket_prefix": null,
            "bucket_regional_domain_name": "family-seams-terraform-bucket.s3.us-west-2.amazonaws.com",
            "cors_rule": [],
            "force_destroy": true,
            "grant": [],
            "hosted_zone_id": "Z3BJ6K6RIION7M",
            "id": "family-seams-terraform-bucket",
            "lifecycle_rule": [],
            "logging": [],
            "object_lock_configuration": [],
            "policy": null,
            "region": "us-west-2",
            "replication_configuration": [],
            "request_payer": "BucketOwner",
            "server_side_encryption_configuration": [],
            "tags": {
              "Name": "family-seams-terraform-bucket",
              "organization": "family-seams",
              "purpose": "initialization"
            },
            "versioning": [
              {
                "enabled": true,
                "mfa_delete": false
              }
            ],
            "website": [],
            "website_domain": null,
            "website_endpoint": null
          },
          "sensitive_attributes": [],
          "private": "bnVsbA=="
        }
      ]
    },
    {
      "mode": "managed",
      "type": "null_resource",
      "name": "docker_build",
      "provider": "provider[\"registry.terraform.io/hashicorp/null\"]",
      "instances": [
        {
          "status": "tainted",
          "schema_version": 0,
          "attributes": {
            "id": "1239738529186860054",
            "triggers": {
              "Dockerfile": "0a3d38c849ebd4b32ca46b3aa39ae05b",
              "register-domain.bash": "1521d2807da0d723462e892c2aedf7b9"
            }
          },
          "sensitive_attributes": [],
          "private": "bnVsbA=="
        }
      ]
    }
  ]
}
